// !$*UTF8*$!
{
	archiveVersion = 1;
	classes = {
	};
	objectVersion = 56;
	objects = {

/* Begin PBXBuildFile section */
		1FBC04EC2B8C2F6000FFCD35 /* LoadingCell.xib in Resources */ = {isa = PBXBuildFile; fileRef = 1FBC04EB2B8C2F6000FFCD35 /* LoadingCell.xib */; };
		1FF855A62B88299F006074D8 /* AppDelegate.swift in Sources */ = {isa = PBXBuildFile; fileRef = 1FF855A52B88299F006074D8 /* AppDelegate.swift */; };
		1FF855A82B88299F006074D8 /* SceneDelegate.swift in Sources */ = {isa = PBXBuildFile; fileRef = 1FF855A72B88299F006074D8 /* SceneDelegate.swift */; };
		1FF855AA2B88299F006074D8 /* SearchViewController.swift in Sources */ = {isa = PBXBuildFile; fileRef = 1FF855A92B88299F006074D8 /* SearchViewController.swift */; };
		1FF855AD2B88299F006074D8 /* Main.storyboard in Resources */ = {isa = PBXBuildFile; fileRef = 1FF855AB2B88299F006074D8 /* Main.storyboard */; };
		1FF855B02B88299F006074D8 /* StoreSearch.xcdatamodeld in Sources */ = {isa = PBXBuildFile; fileRef = 1FF855AE2B88299F006074D8 /* StoreSearch.xcdatamodeld */; };
		1FF855B22B8829A0006074D8 /* Assets.xcassets in Resources */ = {isa = PBXBuildFile; fileRef = 1FF855B12B8829A0006074D8 /* Assets.xcassets */; };
		1FF855B52B8829A0006074D8 /* LaunchScreen.storyboard in Resources */ = {isa = PBXBuildFile; fileRef = 1FF855B32B8829A0006074D8 /* LaunchScreen.storyboard */; };
		1FF855BD2B883279006074D8 /* SearchResult.swift in Sources */ = {isa = PBXBuildFile; fileRef = 1FF855BC2B883279006074D8 /* SearchResult.swift */; };
		1FF855BF2B883BEB006074D8 /* SearchResultCell.xib in Resources */ = {isa = PBXBuildFile; fileRef = 1FF855BE2B883BEB006074D8 /* SearchResultCell.xib */; };
		1FF855C12B883F33006074D8 /* SearchResultCell.swift in Sources */ = {isa = PBXBuildFile; fileRef = 1FF855C02B883F33006074D8 /* SearchResultCell.swift */; };
		1FF855C32B88422E006074D8 /* NothingFoundCell.xib in Resources */ = {isa = PBXBuildFile; fileRef = 1FF855C22B88422E006074D8 /* NothingFoundCell.xib */; };
/* End PBXBuildFile section */

/* Begin PBXFileReference section */
		1FBC04EB2B8C2F6000FFCD35 /* LoadingCell.xib */ = {isa = PBXFileReference; lastKnownFileType = file.xib; path = LoadingCell.xib; sourceTree = "<group>"; };
		1FF855A22B88299F006074D8 /* StoreSearch.app */ = {isa = PBXFileReference; explicitFileType = wrapper.application; includeInIndex = 0; path = StoreSearch.app; sourceTree = BUILT_PRODUCTS_DIR; };
		1FF855A52B88299F006074D8 /* AppDelegate.swift */ = {isa = PBXFileReference; lastKnownFileType = sourcecode.swift; path = AppDelegate.swift; sourceTree = "<group>"; };
		1FF855A72B88299F006074D8 /* SceneDelegate.swift */ = {isa = PBXFileReference; lastKnownFileType = sourcecode.swift; path = SceneDelegate.swift; sourceTree = "<group>"; };
		1FF855A92B88299F006074D8 /* SearchViewController.swift */ = {isa = PBXFileReference; lastKnownFileType = sourcecode.swift; path = SearchViewController.swift; sourceTree = "<group>"; };
		1FF855AC2B88299F006074D8 /* Base */ = {isa = PBXFileReference; lastKnownFileType = file.storyboard; name = Base; path = Base.lproj/Main.storyboard; sourceTree = "<group>"; };
		1FF855AF2B88299F006074D8 /* StoreSearch.xcdatamodel */ = {isa = PBXFileReference; lastKnownFileType = wrapper.xcdatamodel; path = StoreSearch.xcdatamodel; sourceTree = "<group>"; };
		1FF855B12B8829A0006074D8 /* Assets.xcassets */ = {isa = PBXFileReference; lastKnownFileType = folder.assetcatalog; path = Assets.xcassets; sourceTree = "<group>"; };
		1FF855B42B8829A0006074D8 /* Base */ = {isa = PBXFileReference; lastKnownFileType = file.storyboard; name = Base; path = Base.lproj/LaunchScreen.storyboard; sourceTree = "<group>"; };
		1FF855B62B8829A0006074D8 /* Info.plist */ = {isa = PBXFileReference; lastKnownFileType = text.plist.xml; path = Info.plist; sourceTree = "<group>"; };
		1FF855BC2B883279006074D8 /* SearchResult.swift */ = {isa = PBXFileReference; lastKnownFileType = sourcecode.swift; path = SearchResult.swift; sourceTree = "<group>"; };
		1FF855BE2B883BEB006074D8 /* SearchResultCell.xib */ = {isa = PBXFileReference; lastKnownFileType = file.xib; path = SearchResultCell.xib; sourceTree = "<group>"; };
		1FF855C02B883F33006074D8 /* SearchResultCell.swift */ = {isa = PBXFileReference; lastKnownFileType = sourcecode.swift; path = SearchResultCell.swift; sourceTree = "<group>"; };
		1FF855C22B88422E006074D8 /* NothingFoundCell.xib */ = {isa = PBXFileReference; lastKnownFileType = file.xib; path = NothingFoundCell.xib; sourceTree = "<group>"; };
/* End PBXFileReference section */

/* Begin PBXFrameworksBuildPhase section */
		1FF8559F2B88299F006074D8 /* Frameworks */ = {
			isa = PBXFrameworksBuildPhase;
			buildActionMask = 2147483647;
			files = (
			);
			runOnlyForDeploymentPostprocessing = 0;
		};
/* End PBXFrameworksBuildPhase section */

/* Begin PBXGroup section */
		1FF855992B88299F006074D8 = {
			isa = PBXGroup;
			children = (
				1FBC04EB2B8C2F6000FFCD35 /* LoadingCell.xib */,
				1FF855C22B88422E006074D8 /* NothingFoundCell.xib */,
				1FF855C02B883F33006074D8 /* SearchResultCell.swift */,
				1FF855A42B88299F006074D8 /* StoreSearch */,
				1FF855A32B88299F006074D8 /* Products */,
			);
			sourceTree = "<group>";
		};
		1FF855A32B88299F006074D8 /* Products */ = {
			isa = PBXGroup;
			children = (
				1FF855A22B88299F006074D8 /* StoreSearch.app */,
			);
			name = Products;
			sourceTree = "<group>";
		};
		1FF855A42B88299F006074D8 /* StoreSearch */ = {
			isa = PBXGroup;
			children = (
				1FF855A52B88299F006074D8 /* AppDelegate.swift */,
				1FF855A72B88299F006074D8 /* SceneDelegate.swift */,
				1FF855A92B88299F006074D8 /* SearchViewController.swift */,
				1FF855BE2B883BEB006074D8 /* SearchResultCell.xib */,
				1FF855BC2B883279006074D8 /* SearchResult.swift */,
				1FF855AB2B88299F006074D8 /* Main.storyboard */,
				1FF855B12B8829A0006074D8 /* Assets.xcassets */,
				1FF855B32B8829A0006074D8 /* LaunchScreen.storyboard */,
				1FF855B62B8829A0006074D8 /* Info.plist */,
				1FF855AE2B88299F006074D8 /* StoreSearch.xcdatamodeld */,
			);
			path = StoreSearch;
			sourceTree = "<group>";
		};
/* End PBXGroup section */

/* Begin PBXNativeTarget section */
		1FF855A12B88299F006074D8 /* StoreSearch */ = {
			isa = PBXNativeTarget;
			buildConfigurationList = 1FF855B92B8829A0006074D8 /* Build configuration list for PBXNativeTarget "StoreSearch" */;
			buildPhases = (
				1FF8559E2B88299F006074D8 /* Sources */,
				1FF8559F2B88299F006074D8 /* Frameworks */,
				1FF855A02B88299F006074D8 /* Resources */,
			);
			buildRules = (
			);
			dependencies = (
			);
			name = StoreSearch;
			productName = StoreSearch;
			productReference = 1FF855A22B88299F006074D8 /* StoreSearch.app */;
			productType = "com.apple.product-type.application";
		};
/* End PBXNativeTarget section */

/* Begin PBXProject section */
		1FF8559A2B88299F006074D8 /* Project object */ = {
			isa = PBXProject;
			attributes = {
				BuildIndependentTargetsInParallel = 1;
				LastSwiftUpdateCheck = 1520;
				LastUpgradeCheck = 1520;
				TargetAttributes = {
					1FF855A12B88299F006074D8 = {
						CreatedOnToolsVersion = 15.2;
					};
				};
			};
			buildConfigurationList = 1FF8559D2B88299F006074D8 /* Build configuration list for PBXProject "StoreSearch" */;
			compatibilityVersion = "Xcode 14.0";
			developmentRegion = en;
			hasScannedForEncodings = 0;
			knownRegions = (
				en,
				Base,
			);
			mainGroup = 1FF855992B88299F006074D8;
			productRefGroup = 1FF855A32B88299F006074D8 /* Products */;
			projectDirPath = "";
			projectRoot = "";
			targets = (
				1FF855A12B88299F006074D8 /* StoreSearch */,
			);
		};
/* End PBXProject section */

/* Begin PBXResourcesBuildPhase section */
		1FF855A02B88299F006074D8 /* Resources */ = {
			isa = PBXResourcesBuildPhase;
			buildActionMask = 2147483647;
			files = (
				1FF855B52B8829A0006074D8 /* LaunchScreen.storyboard in Resources */,
				1FF855B22B8829A0006074D8 /* Assets.xcassets in Resources */,
				1FBC04EC2B8C2F6000FFCD35 /* LoadingCell.xib in Resources */,
				1FF855BF2B883BEB006074D8 /* SearchResultCell.xib in Resources */,
				1FF855C32B88422E006074D8 /* NothingFoundCell.xib in Resources */,
				1FF855AD2B88299F006074D8 /* Main.storyboard in Resources */,
			);
			runOnlyForDeploymentPostprocessing = 0;
		};
/* End PBXResourcesBuildPhase section */

/* Begin PBXSourcesBuildPhase section */
		1FF8559E2B88299F006074D8 /* Sources */ = {
			isa = PBXSourcesBuildPhase;
			buildActionMask = 2147483647;
			files = (
				1FF855AA2B88299F006074D8 /* SearchViewController.swift in Sources */,
				1FF855A62B88299F006074D8 /* AppDelegate.swift in Sources */,
				1FF855BD2B883279006074D8 /* SearchResult.swift in Sources */,
				1FF855A82B88299F006074D8 /* SceneDelegate.swift in Sources */,
				1FF855C12B883F33006074D8 /* SearchResultCell.swift in Sources */,
				1FF855B02B88299F006074D8 /* StoreSearch.xcdatamodeld in Sources */,
			);
			runOnlyForDeploymentPostprocessing = 0;
		};
/* End PBXSourcesBuildPhase section */

/* Begin PBXVariantGroup section */
		1FF855AB2B88299F006074D8 /* Main.storyboard */ = {
			isa = PBXVariantGroup;
			children = (
				1FF855AC2B88299F006074D8 /* Base */,
			);
			name = Main.storyboard;
			sourceTree = "<group>";
		};
		1FF855B32B8829A0006074D8 /* LaunchScreen.storyboard */ = {
			isa = PBXVariantGroup;
			children = (
				1FF855B42B8829A0006074D8 /* Base */,
			);
			name = LaunchScreen.storyboard;
			sourceTree = "<group>";
		};
/* End PBXVariantGroup section */

/* Begin XCBuildConfiguration section */
		1FF855B72B8829A0006074D8 /* Debug */ = {
			isa = XCBuildConfiguration;
			buildSettings = {
				ALWAYS_SEARCH_USER_PATHS = NO;
				ASSETCATALOG_COMPILER_GENERATE_SWIFT_ASSET_SYMBOL_EXTENSIONS = YES;
				CLANG_ANALYZER_NONNULL = YES;
				CLANG_ANALYZER_NUMBER_OBJECT_CONVERSION = YES_AGGRESSIVE;
				CLANG_CXX_LANGUAGE_STANDARD = "gnu++20";
				CLANG_ENABLE_MODULES = YES;
				CLANG_ENABLE_OBJC_ARC = YES;
				CLANG_ENABLE_OBJC_WEAK = YES;
				CLANG_WARN_BLOCK_CAPTURE_AUTORELEASING = YES;
				CLANG_WARN_BOOL_CONVERSION = YES;
				CLANG_WARN_COMMA = YES;
				CLANG_WARN_CONSTANT_CONVERSION = YES;
				CLANG_WARN_DEPRECATED_OBJC_IMPLEMENTATIONS = YES;
				CLANG_WARN_DIRECT_OBJC_ISA_USAGE = YES_ERROR;
				CLANG_WARN_DOCUMENTATION_COMMENTS = YES;
				CLANG_WARN_EMPTY_BODY = YES;
				CLANG_WARN_ENUM_CONVERSION = YES;
				CLANG_WARN_INFINITE_RECURSION = YES;
				CLANG_WARN_INT_CONVERSION = YES;
				CLANG_WARN_NON_LITERAL_NULL_CONVERSION = YES;
				CLANG_WARN_OBJC_IMPLICIT_RETAIN_SELF = YES;
				CLANG_WARN_OBJC_LITERAL_CONVERSION = YES;
				CLANG_WARN_OBJC_ROOT_CLASS = YES_ERROR;
				CLANG_WARN_QUOTED_INCLUDE_IN_FRAMEWORK_HEADER = YES;
				CLANG_WARN_RANGE_LOOP_ANALYSIS = YES;
				CLANG_WARN_STRICT_PROTOTYPES = YES;
				CLANG_WARN_SUSPICIOUS_MOVE = YES;
				CLANG_WARN_UNGUARDED_AVAILABILITY = YES_AGGRESSIVE;
				CLANG_WARN_UNREACHABLE_CODE = YES;
				CLANG_WARN__DUPLICATE_METHOD_MATCH = YES;
				COPY_PHASE_STRIP = NO;
				DEBUG_INFORMATION_FORMAT = dwarf;
				ENABLE_STRICT_OBJC_MSGSEND = YES;
				ENABLE_TESTABILITY = YES;
				ENABLE_USER_SCRIPT_SANDBOXING = YES;
				GCC_C_LANGUAGE_STANDARD = gnu17;
				GCC_DYNAMIC_NO_PIC = NO;
				GCC_NO_COMMON_BLOCKS = YES;
				GCC_OPTIMIZATION_LEVEL = 0;
				GCC_PREPROCESSOR_DEFINITIONS = (
					"DEBUG=1",
					"$(inherited)",
				);
				GCC_WARN_64_TO_32_BIT_CONVERSION = YES;
				GCC_WARN_ABOUT_RETURN_TYPE = YES_ERROR;
				GCC_WARN_UNDECLARED_SELECTOR = YES;
				GCC_WARN_UNINITIALIZED_AUTOS = YES_AGGRESSIVE;
				GCC_WARN_UNUSED_FUNCTION = YES;
				GCC_WARN_UNUSED_VARIABLE = YES;
				IPHONEOS_DEPLOYMENT_TARGET = 17.2;
				LOCALIZATION_PREFERS_STRING_CATALOGS = YES;
				MTL_ENABLE_DEBUG_INFO = INCLUDE_SOURCE;
				MTL_FAST_MATH = YES;
				ONLY_ACTIVE_ARCH = YES;
				SDKROOT = iphoneos;
				SWIFT_ACTIVE_COMPILATION_CONDITIONS = "DEBUG $(inherited)";
				SWIFT_OPTIMIZATION_LEVEL = "-Onone";
			};
			name = Debug;
		};
		1FF855B82B8829A0006074D8 /* Release */ = {
			isa = XCBuildConfiguration;
			buildSettings = {
				ALWAYS_SEARCH_USER_PATHS = NO;
				ASSETCATALOG_COMPILER_GENERATE_SWIFT_ASSET_SYMBOL_EXTENSIONS = YES;
				CLANG_ANALYZER_NONNULL = YES;
				CLANG_ANALYZER_NUMBER_OBJECT_CONVERSION = YES_AGGRESSIVE;
				CLANG_CXX_LANGUAGE_STANDARD = "gnu++20";
				CLANG_ENABLE_MODULES = YES;
				CLANG_ENABLE_OBJC_ARC = YES;
				CLANG_ENABLE_OBJC_WEAK = YES;
				CLANG_WARN_BLOCK_CAPTURE_AUTORELEASING = YES;
				CLANG_WARN_BOOL_CONVERSION = YES;
				CLANG_WARN_COMMA = YES;
				CLANG_WARN_CONSTANT_CONVERSION = YES;
				CLANG_WARN_DEPRECATED_OBJC_IMPLEMENTATIONS = YES;
				CLANG_WARN_DIRECT_OBJC_ISA_USAGE = YES_ERROR;
				CLANG_WARN_DOCUMENTATION_COMMENTS = YES;
				CLANG_WARN_EMPTY_BODY = YES;
				CLANG_WARN_ENUM_CONVERSION = YES;
				CLANG_WARN_INFINITE_RECURSION = YES;
				CLANG_WARN_INT_CONVERSION = YES;
				CLANG_WARN_NON_LITERAL_NULL_CONVERSION = YES;
				CLANG_WARN_OBJC_IMPLICIT_RETAIN_SELF = YES;
				CLANG_WARN_OBJC_LITERAL_CONVERSION = YES;
				CLANG_WARN_OBJC_ROOT_CLASS = YES_ERROR;
				CLANG_WARN_QUOTED_INCLUDE_IN_FRAMEWORK_HEADER = YES;
				CLANG_WARN_RANGE_LOOP_ANALYSIS = YES;
				CLANG_WARN_STRICT_PROTOTYPES = YES;
				CLANG_WARN_SUSPICIOUS_MOVE = YES;
				CLANG_WARN_UNGUARDED_AVAILABILITY = YES_AGGRESSIVE;
				CLANG_WARN_UNREACHABLE_CODE = YES;
				CLANG_WARN__DUPLICATE_METHOD_MATCH = YES;
				COPY_PHASE_STRIP = NO;
				DEBUG_INFORMATION_FORMAT = "dwarf-with-dsym";
				ENABLE_NS_ASSERTIONS = NO;
				ENABLE_STRICT_OBJC_MSGSEND = YES;
				ENABLE_USER_SCRIPT_SANDBOXING = YES;
				GCC_C_LANGUAGE_STANDARD = gnu17;
				GCC_NO_COMMON_BLOCKS = YES;
				GCC_WARN_64_TO_32_BIT_CONVERSION = YES;
				GCC_WARN_ABOUT_RETURN_TYPE = YES_ERROR;
				GCC_WARN_UNDECLARED_SELECTOR = YES;
				GCC_WARN_UNINITIALIZED_AUTOS = YES_AGGRESSIVE;
				GCC_WARN_UNUSED_FUNCTION = YES;
				GCC_WARN_UNUSED_VARIABLE = YES;
				IPHONEOS_DEPLOYMENT_TARGET = 17.2;
				LOCALIZATION_PREFERS_STRING_CATALOGS = YES;
				MTL_ENABLE_DEBUG_INFO = NO;
				MTL_FAST_MATH = YES;
				SDKROOT = iphoneos;
				SWIFT_COMPILATION_MODE = wholemodule;
				VALIDATE_PRODUCT = YES;
			};
			name = Release;
		};
		1FF855BA2B8829A0006074D8 /* Debug */ = {
			isa = XCBuildConfiguration;
			buildSettings = {
				ASSETCATALOG_COMPILER_APPICON_NAME = AppIcon;
				ASSETCATALOG_COMPILER_GLOBAL_ACCENT_COLOR_NAME = AccentColor;
				CODE_SIGN_STYLE = Automatic;
				CURRENT_PROJECT_VERSION = 1;
				DEVELOPMENT_TEAM = AGXNJY9T9A;
				GENERATE_INFOPLIST_FILE = YES;
				INFOPLIST_FILE = StoreSearch/Info.plist;
				INFOPLIST_KEY_UIApplicationSupportsIndirectInputEvents = YES;
				INFOPLIST_KEY_UILaunchStoryboardName = LaunchScreen;
				INFOPLIST_KEY_UIMainStoryboardFile = Main;
				INFOPLIST_KEY_UISupportedInterfaceOrientations_iPad = "UIInterfaceOrientationPortrait UIInterfaceOrientationPortraitUpsideDown UIInterfaceOrientationLandscapeLeft UIInterfaceOrientationLandscapeRight";
				INFOPLIST_KEY_UISupportedInterfaceOrientations_iPhone = "UIInterfaceOrientationPortrait UIInterfaceOrientationLandscapeLeft UIInterfaceOrientationLandscapeRight";
				LD_RUNPATH_SEARCH_PATHS = (
					"$(inherited)",
					"@executable_path/Frameworks",
				);
				MARKETING_VERSION = 1.0;
				PRODUCT_BUNDLE_IDENTIFIER = com.burns.StoreSearch;
				PRODUCT_NAME = "$(TARGET_NAME)";
				SWIFT_EMIT_LOC_STRINGS = YES;
				SWIFT_VERSION = 5.0;
				TARGETED_DEVICE_FAMILY = "1,2";
			};
			name = Debug;
		};
		1FF855BB2B8829A0006074D8 /* Release */ = {
			isa = XCBuildConfiguration;
			buildSettings = {
				ASSETCATALOG_COMPILER_APPICON_NAME = AppIcon;
				ASSETCATALOG_COMPILER_GLOBAL_ACCENT_COLOR_NAME = AccentColor;
				CODE_SIGN_STYLE = Automatic;
				CURRENT_PROJECT_VERSION = 1;
				DEVELOPMENT_TEAM = AGXNJY9T9A;
				GENERATE_INFOPLIST_FILE = YES;
				INFOPLIST_FILE = StoreSearch/Info.plist;
				INFOPLIST_KEY_UIApplicationSupportsIndirectInputEvents = YES;
				INFOPLIST_KEY_UILaunchStoryboardName = LaunchScreen;
				INFOPLIST_KEY_UIMainStoryboardFile = Main;
				INFOPLIST_KEY_UISupportedInterfaceOrientations_iPad = "UIInterfaceOrientationPortrait UIInterfaceOrientationPortraitUpsideDown UIInterfaceOrientationLandscapeLeft UIInterfaceOrientationLandscapeRight";
				INFOPLIST_KEY_UISupportedInterfaceOrientations_iPhone = "UIInterfaceOrientationPortrait UIInterfaceOrientationLandscapeLeft UIInterfaceOrientationLandscapeRight";
				LD_RUNPATH_SEARCH_PATHS = (
					"$(inherited)",
					"@executable_path/Frameworks",
				);
				MARKETING_VERSION = 1.0;
				PRODUCT_BUNDLE_IDENTIFIER = com.burns.StoreSearch;
				PRODUCT_NAME = "$(TARGET_NAME)";
				SWIFT_EMIT_LOC_STRINGS = YES;
				SWIFT_VERSION = 5.0;
				TARGETED_DEVICE_FAMILY = "1,2";
			};
			name = Release;
		};
/* End XCBuildConfiguration section */

/* Begin XCConfigurationList section */
		1FF8559D2B88299F006074D8 /* Build configuration list for PBXProject "StoreSearch" */ = {
			isa = XCConfigurationList;
			buildConfigurations = (
				1FF855B72B8829A0006074D8 /* Debug */,
				1FF855B82B8829A0006074D8 /* Release */,
			);
			defaultConfigurationIsVisible = 0;
			defaultConfigurationName = Release;
		};
		1FF855B92B8829A0006074D8 /* Build configuration list for PBXNativeTarget "StoreSearch" */ = {
			isa = XCConfigurationList;
			buildConfigurations = (
				1FF855BA2B8829A0006074D8 /* Debug */,
				1FF855BB2B8829A0006074D8 /* Release */,
			);
			defaultConfigurationIsVisible = 0;
			defaultConfigurationName = Release;
		};
/* End XCConfigurationList section */

/* Begin XCVersionGroup section */
		1FF855AE2B88299F006074D8 /* StoreSearch.xcdatamodeld */ = {
			isa = XCVersionGroup;
			children = (
				1FF855AF2B88299F006074D8 /* StoreSearch.xcdatamodel */,
			);
			currentVersion = 1FF855AF2B88299F006074D8 /* StoreSearch.xcdatamodel */;
			path = StoreSearch.xcdatamodeld;
			sourceTree = "<group>";
			versionGroupType = wrapper.xcdatamodel;
		};
/* End XCVersionGroup section */
	};
	rootObject = 1FF8559A2B88299F006074D8 /* Project object */;
}
